
Microsoft Visual Studio Solution File, Format Version 12.00
# Visual Studio 14
VisualStudioVersion = 14.0.25123.0
MinimumVisualStudioVersion = 10.0.40219.1
Project("{FAE04EC0-301F-11D3-BF4B-00C04F79EFBC}") = "AngleSharp.Scripting.JavaScript", "AngleSharp.Scripting.JavaScript\AngleSharp.Scripting.JavaScript.csproj", "{4ED5A0B3-AE7A-40B6-BBAC-FF408D6C6BC3}"
EndProject
Project("{FAE04EC0-301F-11D3-BF4B-00C04F79EFBC}") = "AngleSharp.Scripting.CSharp", "AngleSharp.Scripting.CSharp\AngleSharp.Scripting.CSharp.csproj", "{73856B9E-967D-44AA-A644-91CBBE75BF9D}"
EndProject
Project("{FAE04EC0-301F-11D3-BF4B-00C04F79EFBC}") = "AngleSharp.Scripting.CSharp.Tests", "AngleSharp.Scripting.CSharp.Tests\AngleSharp.Scripting.CSharp.Tests.csproj", "{9136D59F-9F50-4E02-96B2-3EAC114B95FA}"
EndProject
Project("{FAE04EC0-301F-11D3-BF4B-00C04F79EFBC}") = "AngleSharp.Scripting.JavaScript.Tests", "AngleSharp.Scripting.JavaScript.Tests\AngleSharp.Scripting.JavaScript.Tests.csproj", "{18B0B97B-8795-4DC2-A1E7-8070255BE718}"
EndProject
Project("{FAE04EC0-301F-11D3-BF4B-00C04F79EFBC}") = "AngleSharp.Scripting.JavaScript.Generator", "AngleSharp.Scripting.JavaScript.Generator\AngleSharp.Scripting.JavaScript.Generator.csproj", "{2BEBF4AD-1660-43A6-B452-109716F42FA6}"
EndProject
Project("{FAE04EC0-301F-11D3-BF4B-00C04F79EFBC}") = "AngleSharp.Scripting.JavaScript.Generator.Tests", "AngleSharp.Scripting.JavaScript.Generator.Tests\AngleSharp.Scripting.JavaScript.Generator.Tests.csproj", "{14AC7A32-E4E4-4ADF-A81A-030FC90E1BB6}"
EndProject
Global
	GlobalSection(SolutionConfigurationPlatforms) = preSolution
		Debug|Any CPU = Debug|Any CPU
		Release|Any CPU = Release|Any CPU
	EndGlobalSection
	GlobalSection(ProjectConfigurationPlatforms) = postSolution
		{4ED5A0B3-AE7A-40B6-BBAC-FF408D6C6BC3}.Debug|Any CPU.ActiveCfg = Debug|Any CPU
		{4ED5A0B3-AE7A-40B6-BBAC-FF408D6C6BC3}.Debug|Any CPU.Build.0 = Debug|Any CPU
		{4ED5A0B3-AE7A-40B6-BBAC-FF408D6C6BC3}.Release|Any CPU.ActiveCfg = Release|Any CPU
		{4ED5A0B3-AE7A-40B6-BBAC-FF408D6C6BC3}.Release|Any CPU.Build.0 = Release|Any CPU
		{73856B9E-967D-44AA-A644-91CBBE75BF9D}.Debug|Any CPU.ActiveCfg = Debug|Any CPU
		{73856B9E-967D-44AA-A644-91CBBE75BF9D}.Debug|Any CPU.Build.0 = Debug|Any CPU
		{73856B9E-967D-44AA-A644-91CBBE75BF9D}.Release|Any CPU.ActiveCfg = Release|Any CPU
		{73856B9E-967D-44AA-A644-91CBBE75BF9D}.Release|Any CPU.Build.0 = Release|Any CPU
		{9136D59F-9F50-4E02-96B2-3EAC114B95FA}.Debug|Any CPU.ActiveCfg = Debug|Any CPU
		{9136D59F-9F50-4E02-96B2-3EAC114B95FA}.Debug|Any CPU.Build.0 = Debug|Any CPU
		{9136D59F-9F50-4E02-96B2-3EAC114B95FA}.Release|Any CPU.ActiveCfg = Release|Any CPU
		{9136D59F-9F50-4E02-96B2-3EAC114B95FA}.Release|Any CPU.Build.0 = Release|Any CPU
		{18B0B97B-8795-4DC2-A1E7-8070255BE718}.Debug|Any CPU.ActiveCfg = Debug|Any CPU
		{18B0B97B-8795-4DC2-A1E7-8070255BE718}.Debug|Any CPU.Build.0 = Debug|Any CPU
		{18B0B97B-8795-4DC2-A1E7-8070255BE718}.Release|Any CPU.ActiveCfg = Release|Any CPU
		{18B0B97B-8795-4DC2-A1E7-8070255BE718}.Release|Any CPU.Build.0 = Release|Any CPU
		{2BEBF4AD-1660-43A6-B452-109716F42FA6}.Debug|Any CPU.ActiveCfg = Debug|Any CPU
		{2BEBF4AD-1660-43A6-B452-109716F42FA6}.Debug|Any CPU.Build.0 = Debug|Any CPU
		{2BEBF4AD-1660-43A6-B452-109716F42FA6}.Release|Any CPU.ActiveCfg = Release|Any CPU
		{2BEBF4AD-1660-43A6-B452-109716F42FA6}.Release|Any CPU.Build.0 = Release|Any CPU
		{14AC7A32-E4E4-4ADF-A81A-030FC90E1BB6}.Debug|Any CPU.ActiveCfg = Debug|Any CPU
		{14AC7A32-E4E4-4ADF-A81A-030FC90E1BB6}.Debug|Any CPU.Build.0 = Debug|Any CPU
		{14AC7A32-E4E4-4ADF-A81A-030FC90E1BB6}.Release|Any CPU.ActiveCfg = Release|Any CPU
		{14AC7A32-E4E4-4ADF-A81A-030FC90E1BB6}.Release|Any CPU.Build.0 = Release|Any CPU
	EndGlobalSection
	GlobalSection(SolutionProperties) = preSolution
		HideSolutionNode = FALSE
	EndGlobalSection
EndGlobal
